
Microsoft Visual Studio Solution File, Format Version 12.00
# Visual Studio 14
VisualStudioVersion = 14.0.25420.1
MinimumVisualStudioVersion = 10.0.40219.1
Project("{FAE04EC0-301F-11D3-BF4B-00C04F79EFBC}") = "Lession11", "Lession11\Lession11.csproj", "{0CA79E95-0E0A-4BF3-9B57-C2AE51A3EEEC}"
EndProject
Global
	GlobalSection(SolutionConfigurationPlatforms) = preSolution
		Debug|Any CPU = Debug|Any CPU
		Release|Any CPU = Release|Any CPU
	EndGlobalSection
	GlobalSection(ProjectConfigurationPlatforms) = postSolution
		{0CA79E95-0E0A-4BF3-9B57-C2AE51A3EEEC}.Debug|Any CPU.ActiveCfg = Debug|Any CPU
		{0CA79E95-0E0A-4BF3-9B57-C2AE51A3EEEC}.Debug|Any CPU.Build.0 = Debug|Any CPU
		{0CA79E95-0E0A-4BF3-9B57-C2AE51A3EEEC}.Release|Any CPU.ActiveCfg = Release|Any CPU
		{0CA79E95-0E0A-4BF3-9B57-C2AE51A3EEEC}.Release|Any CPU.Build.0 = Release|Any CPU
	EndGlobalSection
	GlobalSection(SolutionProperties) = preSolution
		HideSolutionNode = FALSE
	EndGlobalSection
EndGlobal
