
Microsoft Visual Studio Solution File, Format Version 12.00
# Visual Studio 14
VisualStudioVersion = 14.0.25420.1
MinimumVisualStudioVersion = 10.0.40219.1
Project("{FAE04EC0-301F-11D3-BF4B-00C04F79EFBC}") = "Lession4", "Lession4\Lession4.csproj", "{A3DFCE56-7F42-4396-B0A9-2E3E53FD068F}"
EndProject
Project("{FAE04EC0-301F-11D3-BF4B-00C04F79EFBC}") = "Lession5", "..\Lession5\Lession5.csproj", "{17808EF6-340D-4FA1-BDD6-88E56D187BF7}"
EndProject
Global
	GlobalSection(SolutionConfigurationPlatforms) = preSolution
		Debug|Any CPU = Debug|Any CPU
		Release|Any CPU = Release|Any CPU
	EndGlobalSection
	GlobalSection(ProjectConfigurationPlatforms) = postSolution
		{A3DFCE56-7F42-4396-B0A9-2E3E53FD068F}.Debug|Any CPU.ActiveCfg = Debug|Any CPU
		{A3DFCE56-7F42-4396-B0A9-2E3E53FD068F}.Debug|Any CPU.Build.0 = Debug|Any CPU
		{A3DFCE56-7F42-4396-B0A9-2E3E53FD068F}.Release|Any CPU.ActiveCfg = Release|Any CPU
		{A3DFCE56-7F42-4396-B0A9-2E3E53FD068F}.Release|Any CPU.Build.0 = Release|Any CPU
		{17808EF6-340D-4FA1-BDD6-88E56D187BF7}.Debug|Any CPU.ActiveCfg = Debug|Any CPU
		{17808EF6-340D-4FA1-BDD6-88E56D187BF7}.Debug|Any CPU.Build.0 = Debug|Any CPU
		{17808EF6-340D-4FA1-BDD6-88E56D187BF7}.Release|Any CPU.ActiveCfg = Release|Any CPU
		{17808EF6-340D-4FA1-BDD6-88E56D187BF7}.Release|Any CPU.Build.0 = Release|Any CPU
	EndGlobalSection
	GlobalSection(SolutionProperties) = preSolution
		HideSolutionNode = FALSE
	EndGlobalSection
EndGlobal
